
Microsoft Visual Studio Solution File, Format Version 12.00
# Visual Studio Version 17
VisualStudioVersion = 17.8.34309.116
MinimumVisualStudioVersion = 10.0.40219.1
Project("{FAE04EC0-301F-11D3-BF4B-00C04F79EFBC}") = "trytryuntilyoudie5", "trytryuntilyoudie5.csproj", "{65D23BCC-8A56-42A7-B762-E086E97AA67A}"
EndProject
Global
	GlobalSection(SolutionConfigurationPlatforms) = preSolution
		Debug|Any CPU = Debug|Any CPU
		Release|Any CPU = Release|Any CPU
	EndGlobalSection
	GlobalSection(ProjectConfigurationPlatforms) = postSolution
		{65D23BCC-8A56-42A7-B762-E086E97AA67A}.Debug|Any CPU.ActiveCfg = Debug|Any CPU
		{65D23BCC-8A56-42A7-B762-E086E97AA67A}.Debug|Any CPU.Build.0 = Debug|Any CPU
		{65D23BCC-8A56-42A7-B762-E086E97AA67A}.Release|Any CPU.ActiveCfg = Release|Any CPU
		{65D23BCC-8A56-42A7-B762-E086E97AA67A}.Release|Any CPU.Build.0 = Release|Any CPU
	EndGlobalSection
	GlobalSection(SolutionProperties) = preSolution
		HideSolutionNode = FALSE
	EndGlobalSection
	GlobalSection(ExtensibilityGlobals) = postSolution
		SolutionGuid = {79B85A63-B2C2-46C8-8592-944B6CD5FAE9}
	EndGlobalSection
EndGlobal
